{
  "nodes": {
    "nix-lib-monadam": {
      "inputs": {
        "nixpkgs": [
          "nixpkgs"
        ]
      },
      "locked": {
        "dirtyRev": "a556bde63e3792e583e45aa9b5281b8aed1f417c-dirty",
        "dirtyShortRev": "a556bde-dirty",
        "lastModified": 1726678874,
        "narHash": "sha256-jIJRqEVT8XImGtjrk0rCO6eobaj3BLTigTqJgAEb2do=",
        "type": "git",
        "url": "file:/home/adam/code/nix-lib-monadam"
      },
      "original": {
        "type": "git",
        "url": "file:/home/adam/code/nix-lib-monadam"
      }
    },
    "nixpkgs": {
      "locked": {
        "lastModified": 1726447378,
        "narHash": "sha256-2yV8nmYE1p9lfmLHhOCbYwQC/W8WYfGQABoGzJOb1JQ=",
        "owner": "NixOS",
        "repo": "nixpkgs",
        "rev": "086b448a5d54fd117f4dc2dee55c9f0ff461bdc1",
        "type": "github"
      },
      "original": {
        "id": "nixpkgs",
        "ref": "nixos-24.05",
        "type": "indirect"
      }
    },
    "root": {
      "inputs": {
        "nix-lib-monadam": "nix-lib-monadam",
        "nixpkgs": "nixpkgs"
      }
    }
  },
  "root": "root",
  "version": 7
}
